
Microsoft Visual Studio Solution File, Format Version 12.00
# Visual Studio Version 17
VisualStudioVersion = 17.12.35527.113 d17.12
MinimumVisualStudioVersion = 10.0.40219.1
Project("{FAE04EC0-301F-11D3-BF4B-00C04F79EFBC}") = "Estrutura_de_Dados_PI", "Estrutura_de_Dados_PI\Estrutura_de_Dados_PI.csproj", "{E91D8C61-ECF1-4F1F-A2AD-EA93584CDC66}"
EndProject
Project("{FAE04EC0-301F-11D3-BF4B-00C04F79EFBC}") = "Atividades", "Atividades\Atividades.csproj", "{194798A5-26BD-4026-85A4-09B56CCB5F33}"
EndProject
Global
	GlobalSection(SolutionConfigurationPlatforms) = preSolution
		Debug|Any CPU = Debug|Any CPU
		Release|Any CPU = Release|Any CPU
	EndGlobalSection
	GlobalSection(ProjectConfigurationPlatforms) = postSolution
		{E91D8C61-ECF1-4F1F-A2AD-EA93584CDC66}.Debug|Any CPU.ActiveCfg = Debug|Any CPU
		{E91D8C61-ECF1-4F1F-A2AD-EA93584CDC66}.Debug|Any CPU.Build.0 = Debug|Any CPU
		{E91D8C61-ECF1-4F1F-A2AD-EA93584CDC66}.Release|Any CPU.ActiveCfg = Release|Any CPU
		{E91D8C61-ECF1-4F1F-A2AD-EA93584CDC66}.Release|Any CPU.Build.0 = Release|Any CPU
		{194798A5-26BD-4026-85A4-09B56CCB5F33}.Debug|Any CPU.ActiveCfg = Debug|Any CPU
		{194798A5-26BD-4026-85A4-09B56CCB5F33}.Debug|Any CPU.Build.0 = Debug|Any CPU
		{194798A5-26BD-4026-85A4-09B56CCB5F33}.Release|Any CPU.ActiveCfg = Release|Any CPU
		{194798A5-26BD-4026-85A4-09B56CCB5F33}.Release|Any CPU.Build.0 = Release|Any CPU
	EndGlobalSection
	GlobalSection(SolutionProperties) = preSolution
		HideSolutionNode = FALSE
	EndGlobalSection
EndGlobal
